
Microsoft Visual Studio Solution File, Format Version 12.00
# Visual Studio Version 17
VisualStudioVersion = 17.2.32602.215
MinimumVisualStudioVersion = 10.0.40219.1
Project("{9A19103F-16F7-4668-BE54-9A1E7A4F7556}") = "HumanRegistrationSystem", "HumanRegistrationSystem\HumanRegistrationSystem.csproj", "{422649DE-E27B-4F6A-B467-EB44A94B3332}"
EndProject
Project("{9A19103F-16F7-4668-BE54-9A1E7A4F7556}") = "HumanRegistrationSystem_BL", "HumanRegistrationSystem_BL\HumanRegistrationSystem_BL.csproj", "{4074AF21-6910-4ED5-80D1-328277B74A03}"
EndProject
Project("{9A19103F-16F7-4668-BE54-9A1E7A4F7556}") = "HumanRegistrationSystem_DAL", "HumanRegistrationSystem_DAL\HumanRegistrationSystem_DAL.csproj", "{CBFF8F60-9483-4E45-8985-CDD1B73C01FF}"
EndProject
Project("{9A19103F-16F7-4668-BE54-9A1E7A4F7556}") = "HumanRegistrationSystem_Domain", "HumanRegistrationSystem_Domain\HumanRegistrationSystem_Domain.csproj", "{3522EBA5-ECD9-4E74-847C-82B83B8E59BE}"
EndProject
Project("{2150E333-8FDC-42A3-9474-1A3956D46DE8}") = "Tests", "Tests", "{D26C0E45-B4C7-4E53-9595-E6E6495C3EB5}"
EndProject
Project("{9A19103F-16F7-4668-BE54-9A1E7A4F7556}") = "BusinessLogic_UniTests", "BusinessLogic_UniTests\BusinessLogic_UniTests.csproj", "{8797A0D8-3DD8-4B20-8BBE-2B0FF99F8AD1}"
EndProject
Project("{9A19103F-16F7-4668-BE54-9A1E7A4F7556}") = "Common", "Common\Common.csproj", "{08FAAB1A-930A-43B3-9AEF-BF10850C8254}"
EndProject
Project("{9A19103F-16F7-4668-BE54-9A1E7A4F7556}") = "DTO", "DTO\DTO.csproj", "{DA6F9680-8817-4B4C-B723-80BF6D4DB724}"
EndProject
Project("{9A19103F-16F7-4668-BE54-9A1E7A4F7556}") = "API_Controllers_UniTests", "API_Controllers_UniTests\API_Controllers_UniTests.csproj", "{EBB860C8-2661-44BF-95FC-E62EA01120D2}"
EndProject
Global
	GlobalSection(SolutionConfigurationPlatforms) = preSolution
		Debug|Any CPU = Debug|Any CPU
		Release|Any CPU = Release|Any CPU
	EndGlobalSection
	GlobalSection(ProjectConfigurationPlatforms) = postSolution
		{422649DE-E27B-4F6A-B467-EB44A94B3332}.Debug|Any CPU.ActiveCfg = Debug|Any CPU
		{422649DE-E27B-4F6A-B467-EB44A94B3332}.Debug|Any CPU.Build.0 = Debug|Any CPU
		{422649DE-E27B-4F6A-B467-EB44A94B3332}.Release|Any CPU.ActiveCfg = Release|Any CPU
		{422649DE-E27B-4F6A-B467-EB44A94B3332}.Release|Any CPU.Build.0 = Release|Any CPU
		{4074AF21-6910-4ED5-80D1-328277B74A03}.Debug|Any CPU.ActiveCfg = Debug|Any CPU
		{4074AF21-6910-4ED5-80D1-328277B74A03}.Debug|Any CPU.Build.0 = Debug|Any CPU
		{4074AF21-6910-4ED5-80D1-328277B74A03}.Release|Any CPU.ActiveCfg = Release|Any CPU
		{4074AF21-6910-4ED5-80D1-328277B74A03}.Release|Any CPU.Build.0 = Release|Any CPU
		{CBFF8F60-9483-4E45-8985-CDD1B73C01FF}.Debug|Any CPU.ActiveCfg = Debug|Any CPU
		{CBFF8F60-9483-4E45-8985-CDD1B73C01FF}.Debug|Any CPU.Build.0 = Debug|Any CPU
		{CBFF8F60-9483-4E45-8985-CDD1B73C01FF}.Release|Any CPU.ActiveCfg = Release|Any CPU
		{CBFF8F60-9483-4E45-8985-CDD1B73C01FF}.Release|Any CPU.Build.0 = Release|Any CPU
		{3522EBA5-ECD9-4E74-847C-82B83B8E59BE}.Debug|Any CPU.ActiveCfg = Debug|Any CPU
		{3522EBA5-ECD9-4E74-847C-82B83B8E59BE}.Debug|Any CPU.Build.0 = Debug|Any CPU
		{3522EBA5-ECD9-4E74-847C-82B83B8E59BE}.Release|Any CPU.ActiveCfg = Release|Any CPU
		{3522EBA5-ECD9-4E74-847C-82B83B8E59BE}.Release|Any CPU.Build.0 = Release|Any CPU
		{8797A0D8-3DD8-4B20-8BBE-2B0FF99F8AD1}.Debug|Any CPU.ActiveCfg = Debug|Any CPU
		{8797A0D8-3DD8-4B20-8BBE-2B0FF99F8AD1}.Debug|Any CPU.Build.0 = Debug|Any CPU
		{8797A0D8-3DD8-4B20-8BBE-2B0FF99F8AD1}.Release|Any CPU.ActiveCfg = Release|Any CPU
		{8797A0D8-3DD8-4B20-8BBE-2B0FF99F8AD1}.Release|Any CPU.Build.0 = Release|Any CPU
		{08FAAB1A-930A-43B3-9AEF-BF10850C8254}.Debug|Any CPU.ActiveCfg = Debug|Any CPU
		{08FAAB1A-930A-43B3-9AEF-BF10850C8254}.Debug|Any CPU.Build.0 = Debug|Any CPU
		{08FAAB1A-930A-43B3-9AEF-BF10850C8254}.Release|Any CPU.ActiveCfg = Release|Any CPU
		{08FAAB1A-930A-43B3-9AEF-BF10850C8254}.Release|Any CPU.Build.0 = Release|Any CPU
		{DA6F9680-8817-4B4C-B723-80BF6D4DB724}.Debug|Any CPU.ActiveCfg = Debug|Any CPU
		{DA6F9680-8817-4B4C-B723-80BF6D4DB724}.Debug|Any CPU.Build.0 = Debug|Any CPU
		{DA6F9680-8817-4B4C-B723-80BF6D4DB724}.Release|Any CPU.ActiveCfg = Release|Any CPU
		{DA6F9680-8817-4B4C-B723-80BF6D4DB724}.Release|Any CPU.Build.0 = Release|Any CPU
		{EBB860C8-2661-44BF-95FC-E62EA01120D2}.Debug|Any CPU.ActiveCfg = Debug|Any CPU
		{EBB860C8-2661-44BF-95FC-E62EA01120D2}.Debug|Any CPU.Build.0 = Debug|Any CPU
		{EBB860C8-2661-44BF-95FC-E62EA01120D2}.Release|Any CPU.ActiveCfg = Release|Any CPU
		{EBB860C8-2661-44BF-95FC-E62EA01120D2}.Release|Any CPU.Build.0 = Release|Any CPU
	EndGlobalSection
	GlobalSection(SolutionProperties) = preSolution
		HideSolutionNode = FALSE
	EndGlobalSection
	GlobalSection(NestedProjects) = preSolution
		{8797A0D8-3DD8-4B20-8BBE-2B0FF99F8AD1} = {D26C0E45-B4C7-4E53-9595-E6E6495C3EB5}
		{EBB860C8-2661-44BF-95FC-E62EA01120D2} = {D26C0E45-B4C7-4E53-9595-E6E6495C3EB5}
	EndGlobalSection
	GlobalSection(ExtensibilityGlobals) = postSolution
		SolutionGuid = {447EA2D7-700D-4DA1-8391-194FEC38291A}
	EndGlobalSection
EndGlobal
